
Microsoft Visual Studio Solution File, Format Version 12.00
# Visual Studio Version 17
VisualStudioVersion = 17.5.002.0
MinimumVisualStudioVersion = 10.0.40219.1
Project("{9A19103F-16F7-4668-BE54-9A1E7A4F7556}") = "14-question-program-dylan-bruner-student", "14-question-program-dylan-bruner-student.csproj", "{BE32E22D-BFBF-405C-9C7E-2EF640E1D0C7}"
EndProject
Global
	GlobalSection(SolutionConfigurationPlatforms) = preSolution
		Debug|Any CPU = Debug|Any CPU
		Release|Any CPU = Release|Any CPU
	EndGlobalSection
	GlobalSection(ProjectConfigurationPlatforms) = postSolution
		{BE32E22D-BFBF-405C-9C7E-2EF640E1D0C7}.Debug|Any CPU.ActiveCfg = Debug|Any CPU
		{BE32E22D-BFBF-405C-9C7E-2EF640E1D0C7}.Debug|Any CPU.Build.0 = Debug|Any CPU
		{BE32E22D-BFBF-405C-9C7E-2EF640E1D0C7}.Release|Any CPU.ActiveCfg = Release|Any CPU
		{BE32E22D-BFBF-405C-9C7E-2EF640E1D0C7}.Release|Any CPU.Build.0 = Release|Any CPU
	EndGlobalSection
	GlobalSection(SolutionProperties) = preSolution
		HideSolutionNode = FALSE
	EndGlobalSection
	GlobalSection(ExtensibilityGlobals) = postSolution
		SolutionGuid = {A3A480D1-0A06-4985-BBD2-EE34FF11803A}
	EndGlobalSection
EndGlobal
